
Microsoft Visual Studio Solution File, Format Version 12.00
# Visual Studio Version 17
VisualStudioVersion = 17.5.33627.172
MinimumVisualStudioVersion = 10.0.40219.1
Project("{FAE04EC0-301F-11D3-BF4B-00C04F79EFBC}") = "BankAcountApp", "BankAcountApp\BankAcountApp.csproj", "{125B4AA6-66DF-4E04-AC5D-1EBEC1E1E555}"
EndProject
Global
	GlobalSection(SolutionConfigurationPlatforms) = preSolution
		Debug|Any CPU = Debug|Any CPU
		Release|Any CPU = Release|Any CPU
	EndGlobalSection
	GlobalSection(ProjectConfigurationPlatforms) = postSolution
		{125B4AA6-66DF-4E04-AC5D-1EBEC1E1E555}.Debug|Any CPU.ActiveCfg = Debug|Any CPU
		{125B4AA6-66DF-4E04-AC5D-1EBEC1E1E555}.Debug|Any CPU.Build.0 = Debug|Any CPU
		{125B4AA6-66DF-4E04-AC5D-1EBEC1E1E555}.Release|Any CPU.ActiveCfg = Release|Any CPU
		{125B4AA6-66DF-4E04-AC5D-1EBEC1E1E555}.Release|Any CPU.Build.0 = Release|Any CPU
	EndGlobalSection
	GlobalSection(SolutionProperties) = preSolution
		HideSolutionNode = FALSE
	EndGlobalSection
	GlobalSection(ExtensibilityGlobals) = postSolution
		SolutionGuid = {BDA05B0F-969E-49CC-AB15-2139D4000B49}
	EndGlobalSection
EndGlobal
